
Microsoft Visual Studio Solution File, Format Version 12.00
# Visual Studio Version 16
VisualStudioVersion = 16.0.31729.503
MinimumVisualStudioVersion = 10.0.40219.1
Project("{FAE04EC0-301F-11D3-BF4B-00C04F79EFBC}") = "CometPassword", "CometPassword.csproj", "{0EB893FC-552B-4B8B-A786-911B1993403F}"
EndProject
Global
	GlobalSection(SolutionConfigurationPlatforms) = preSolution
		Debug|Any CPU = Debug|Any CPU
		Release|Any CPU = Release|Any CPU
	EndGlobalSection
	GlobalSection(ProjectConfigurationPlatforms) = postSolution
		{0EB893FC-552B-4B8B-A786-911B1993403F}.Debug|Any CPU.ActiveCfg = Debug|Any CPU
		{0EB893FC-552B-4B8B-A786-911B1993403F}.Debug|Any CPU.Build.0 = Debug|Any CPU
		{0EB893FC-552B-4B8B-A786-911B1993403F}.Release|Any CPU.ActiveCfg = Release|Any CPU
		{0EB893FC-552B-4B8B-A786-911B1993403F}.Release|Any CPU.Build.0 = Release|Any CPU
	EndGlobalSection
	GlobalSection(SolutionProperties) = preSolution
		HideSolutionNode = FALSE
	EndGlobalSection
	GlobalSection(ExtensibilityGlobals) = postSolution
		SolutionGuid = {83FB2969-8054-489A-B062-367E1E4A3551}
	EndGlobalSection
EndGlobal
